
Microsoft Visual Studio Solution File, Format Version 12.00
# Visual Studio Version 16
VisualStudioVersion = 16.0.34031.81
MinimumVisualStudioVersion = 10.0.40219.1
Project("{2150E333-8FDC-42A3-9474-1A3956D46DE8}") = "Task0", "Task0", "{72E96570-6D0F-4935-822E-F4BC562C0CDC}"
EndProject
Project("{FAE04EC0-301F-11D3-BF4B-00C04F79EFBC}") = "Tyuiu.YagodinVA.Sprint5.Task0.V20", "Tyuiu.YagodinVA.Sprint5.Task0.V20\Tyuiu.YagodinVA.Sprint5.Task0.V20.csproj", "{AB696E08-A922-4E2D-8CA5-7479AC021E1F}"
EndProject
Project("{FAE04EC0-301F-11D3-BF4B-00C04F79EFBC}") = "Tyuiu.YagodinVA.Sprint5.Task0.V20.Lib", "Tyuiu.YagodinVA.Sprint5.Task0.V20.Lib\Tyuiu.YagodinVA.Sprint5.Task0.V20.Lib.csproj", "{02C36424-9AFE-471F-84C9-A5CB2F861F28}"
EndProject
Project("{FAE04EC0-301F-11D3-BF4B-00C04F79EFBC}") = "Tyuiu.YagodinVA.Sprint5.Task0.V20.Test", "Tyuiu.YagodinVA.Sprint5.Task0.V20.Test\Tyuiu.YagodinVA.Sprint5.Task0.V20.Test.csproj", "{3DF3370C-542B-4677-A698-D220D8677F91}"
EndProject
Project("{2150E333-8FDC-42A3-9474-1A3956D46DE8}") = "Task1", "Task1", "{57A44B28-6CA5-414A-886F-9136D019C529}"
EndProject
Project("{FAE04EC0-301F-11D3-BF4B-00C04F79EFBC}") = "Tyuiu.YagodinVA.Sprint5.Task1.V27", "Tyuiu.YagodinVA.Sprint5.Task1.V27\Tyuiu.YagodinVA.Sprint5.Task1.V27.csproj", "{201EAA98-2742-4082-B983-A7BCB97C70BD}"
EndProject
Project("{FAE04EC0-301F-11D3-BF4B-00C04F79EFBC}") = "Tyuiu.YagodinVA.Sprint5.Task1.V27.Lib", "Tyuiu.YagodinVA.Sprint5.Task1.V27.Lib\Tyuiu.YagodinVA.Sprint5.Task1.V27.Lib.csproj", "{341AD7BA-2539-46AE-ADCD-C5BE1A19508A}"
EndProject
Project("{FAE04EC0-301F-11D3-BF4B-00C04F79EFBC}") = "Tyuiu.YagodinVA.Sprint5.Task1.V27.Test", "Tyuiu.YagodinVA.Sprint5.Task1.V27.Test\Tyuiu.YagodinVA.Sprint5.Task1.V27.Test.csproj", "{E97B0A61-067C-479A-A5A8-493C7576DFA6}"
EndProject
Project("{2150E333-8FDC-42A3-9474-1A3956D46DE8}") = "Task2", "Task2", "{CC684E93-6C2E-4698-B0EB-8379E2ABF0E0}"
EndProject
Project("{FAE04EC0-301F-11D3-BF4B-00C04F79EFBC}") = "Tyuiu.YagodinVA.Sprint5.Task2.V12", "Tyuiu.YagodinVA.Sprint5.Task2.V12\Tyuiu.YagodinVA.Sprint5.Task2.V12.csproj", "{F366C477-8944-4700-8193-FF5512AE228C}"
EndProject
Project("{FAE04EC0-301F-11D3-BF4B-00C04F79EFBC}") = "Tyuiu.YagodinVA.Sprint5.Task2.V12.Lib", "Tyuiu.YagodinVA.Sprint5.Task2.V12.Lib\Tyuiu.YagodinVA.Sprint5.Task2.V12.Lib.csproj", "{4AE8F0C8-7EE4-403A-8B7C-138DE93B7FBE}"
EndProject
Project("{FAE04EC0-301F-11D3-BF4B-00C04F79EFBC}") = "Tyuiu.YagodinVA.Sprint5.Task2.V12.Test", "Tyuiu.YagodinVA.Sprint5.Task2.V12.Test\Tyuiu.YagodinVA.Sprint5.Task2.V12.Test.csproj", "{5C03E76A-DE85-492C-89E3-D4A98D449279}"
EndProject
Project("{2150E333-8FDC-42A3-9474-1A3956D46DE8}") = "Task3", "Task3", "{C64C6E92-8DE1-492E-B59C-9B9ACB3E77A9}"
EndProject
Project("{FAE04EC0-301F-11D3-BF4B-00C04F79EFBC}") = "Tyuiu.YagodinVA.Sprint5.Task3.V10", "Tyuiu.YagodinVA.Sprint5.Task3.V10\Tyuiu.YagodinVA.Sprint5.Task3.V10.csproj", "{C829AD20-0136-4B1B-A3E9-84BA6F2C4014}"
EndProject
Project("{FAE04EC0-301F-11D3-BF4B-00C04F79EFBC}") = "Tyuiu.YagodinVA.Sprint5.Task3.V10.Lib", "Tyuiu.YagodinVA.Sprint5.Task3.V10.Lib\Tyuiu.YagodinVA.Sprint5.Task3.V10.Lib.csproj", "{C89CF855-DF50-4A94-8128-8B7CC25A3035}"
EndProject
Project("{FAE04EC0-301F-11D3-BF4B-00C04F79EFBC}") = "Tyuiu.YagodinVA.Sprint5.Task3.V10.Test", "Tyuiu.YagodinVA.Sprint5.Task3.V10.Test\Tyuiu.YagodinVA.Sprint5.Task3.V10.Test.csproj", "{59A7A2C5-F5CB-49DD-8C61-6D6FA57AA131}"
EndProject
Global
	GlobalSection(SolutionConfigurationPlatforms) = preSolution
		Debug|Any CPU = Debug|Any CPU
		Release|Any CPU = Release|Any CPU
	EndGlobalSection
	GlobalSection(ProjectConfigurationPlatforms) = postSolution
		{AB696E08-A922-4E2D-8CA5-7479AC021E1F}.Debug|Any CPU.ActiveCfg = Debug|Any CPU
		{AB696E08-A922-4E2D-8CA5-7479AC021E1F}.Debug|Any CPU.Build.0 = Debug|Any CPU
		{AB696E08-A922-4E2D-8CA5-7479AC021E1F}.Release|Any CPU.ActiveCfg = Release|Any CPU
		{AB696E08-A922-4E2D-8CA5-7479AC021E1F}.Release|Any CPU.Build.0 = Release|Any CPU
		{02C36424-9AFE-471F-84C9-A5CB2F861F28}.Debug|Any CPU.ActiveCfg = Debug|Any CPU
		{02C36424-9AFE-471F-84C9-A5CB2F861F28}.Debug|Any CPU.Build.0 = Debug|Any CPU
		{02C36424-9AFE-471F-84C9-A5CB2F861F28}.Release|Any CPU.ActiveCfg = Release|Any CPU
		{02C36424-9AFE-471F-84C9-A5CB2F861F28}.Release|Any CPU.Build.0 = Release|Any CPU
		{3DF3370C-542B-4677-A698-D220D8677F91}.Debug|Any CPU.ActiveCfg = Debug|Any CPU
		{3DF3370C-542B-4677-A698-D220D8677F91}.Debug|Any CPU.Build.0 = Debug|Any CPU
		{3DF3370C-542B-4677-A698-D220D8677F91}.Release|Any CPU.ActiveCfg = Release|Any CPU
		{3DF3370C-542B-4677-A698-D220D8677F91}.Release|Any CPU.Build.0 = Release|Any CPU
		{201EAA98-2742-4082-B983-A7BCB97C70BD}.Debug|Any CPU.ActiveCfg = Debug|Any CPU
		{201EAA98-2742-4082-B983-A7BCB97C70BD}.Debug|Any CPU.Build.0 = Debug|Any CPU
		{201EAA98-2742-4082-B983-A7BCB97C70BD}.Release|Any CPU.ActiveCfg = Release|Any CPU
		{201EAA98-2742-4082-B983-A7BCB97C70BD}.Release|Any CPU.Build.0 = Release|Any CPU
		{341AD7BA-2539-46AE-ADCD-C5BE1A19508A}.Debug|Any CPU.ActiveCfg = Debug|Any CPU
		{341AD7BA-2539-46AE-ADCD-C5BE1A19508A}.Debug|Any CPU.Build.0 = Debug|Any CPU
		{341AD7BA-2539-46AE-ADCD-C5BE1A19508A}.Release|Any CPU.ActiveCfg = Release|Any CPU
		{341AD7BA-2539-46AE-ADCD-C5BE1A19508A}.Release|Any CPU.Build.0 = Release|Any CPU
		{E97B0A61-067C-479A-A5A8-493C7576DFA6}.Debug|Any CPU.ActiveCfg = Debug|Any CPU
		{E97B0A61-067C-479A-A5A8-493C7576DFA6}.Debug|Any CPU.Build.0 = Debug|Any CPU
		{E97B0A61-067C-479A-A5A8-493C7576DFA6}.Release|Any CPU.ActiveCfg = Release|Any CPU
		{E97B0A61-067C-479A-A5A8-493C7576DFA6}.Release|Any CPU.Build.0 = Release|Any CPU
		{F366C477-8944-4700-8193-FF5512AE228C}.Debug|Any CPU.ActiveCfg = Debug|Any CPU
		{F366C477-8944-4700-8193-FF5512AE228C}.Debug|Any CPU.Build.0 = Debug|Any CPU
		{F366C477-8944-4700-8193-FF5512AE228C}.Release|Any CPU.ActiveCfg = Release|Any CPU
		{F366C477-8944-4700-8193-FF5512AE228C}.Release|Any CPU.Build.0 = Release|Any CPU
		{4AE8F0C8-7EE4-403A-8B7C-138DE93B7FBE}.Debug|Any CPU.ActiveCfg = Debug|Any CPU
		{4AE8F0C8-7EE4-403A-8B7C-138DE93B7FBE}.Debug|Any CPU.Build.0 = Debug|Any CPU
		{4AE8F0C8-7EE4-403A-8B7C-138DE93B7FBE}.Release|Any CPU.ActiveCfg = Release|Any CPU
		{4AE8F0C8-7EE4-403A-8B7C-138DE93B7FBE}.Release|Any CPU.Build.0 = Release|Any CPU
		{5C03E76A-DE85-492C-89E3-D4A98D449279}.Debug|Any CPU.ActiveCfg = Debug|Any CPU
		{5C03E76A-DE85-492C-89E3-D4A98D449279}.Debug|Any CPU.Build.0 = Debug|Any CPU
		{5C03E76A-DE85-492C-89E3-D4A98D449279}.Release|Any CPU.ActiveCfg = Release|Any CPU
		{5C03E76A-DE85-492C-89E3-D4A98D449279}.Release|Any CPU.Build.0 = Release|Any CPU
		{C829AD20-0136-4B1B-A3E9-84BA6F2C4014}.Debug|Any CPU.ActiveCfg = Debug|Any CPU
		{C829AD20-0136-4B1B-A3E9-84BA6F2C4014}.Debug|Any CPU.Build.0 = Debug|Any CPU
		{C829AD20-0136-4B1B-A3E9-84BA6F2C4014}.Release|Any CPU.ActiveCfg = Release|Any CPU
		{C829AD20-0136-4B1B-A3E9-84BA6F2C4014}.Release|Any CPU.Build.0 = Release|Any CPU
		{C89CF855-DF50-4A94-8128-8B7CC25A3035}.Debug|Any CPU.ActiveCfg = Debug|Any CPU
		{C89CF855-DF50-4A94-8128-8B7CC25A3035}.Debug|Any CPU.Build.0 = Debug|Any CPU
		{C89CF855-DF50-4A94-8128-8B7CC25A3035}.Release|Any CPU.ActiveCfg = Release|Any CPU
		{C89CF855-DF50-4A94-8128-8B7CC25A3035}.Release|Any CPU.Build.0 = Release|Any CPU
		{59A7A2C5-F5CB-49DD-8C61-6D6FA57AA131}.Debug|Any CPU.ActiveCfg = Debug|Any CPU
		{59A7A2C5-F5CB-49DD-8C61-6D6FA57AA131}.Debug|Any CPU.Build.0 = Debug|Any CPU
		{59A7A2C5-F5CB-49DD-8C61-6D6FA57AA131}.Release|Any CPU.ActiveCfg = Release|Any CPU
		{59A7A2C5-F5CB-49DD-8C61-6D6FA57AA131}.Release|Any CPU.Build.0 = Release|Any CPU
	EndGlobalSection
	GlobalSection(SolutionProperties) = preSolution
		HideSolutionNode = FALSE
	EndGlobalSection
	GlobalSection(NestedProjects) = preSolution
		{AB696E08-A922-4E2D-8CA5-7479AC021E1F} = {72E96570-6D0F-4935-822E-F4BC562C0CDC}
		{02C36424-9AFE-471F-84C9-A5CB2F861F28} = {72E96570-6D0F-4935-822E-F4BC562C0CDC}
		{3DF3370C-542B-4677-A698-D220D8677F91} = {72E96570-6D0F-4935-822E-F4BC562C0CDC}
		{201EAA98-2742-4082-B983-A7BCB97C70BD} = {57A44B28-6CA5-414A-886F-9136D019C529}
		{341AD7BA-2539-46AE-ADCD-C5BE1A19508A} = {57A44B28-6CA5-414A-886F-9136D019C529}
		{E97B0A61-067C-479A-A5A8-493C7576DFA6} = {57A44B28-6CA5-414A-886F-9136D019C529}
		{F366C477-8944-4700-8193-FF5512AE228C} = {CC684E93-6C2E-4698-B0EB-8379E2ABF0E0}
		{4AE8F0C8-7EE4-403A-8B7C-138DE93B7FBE} = {CC684E93-6C2E-4698-B0EB-8379E2ABF0E0}
		{5C03E76A-DE85-492C-89E3-D4A98D449279} = {CC684E93-6C2E-4698-B0EB-8379E2ABF0E0}
		{C829AD20-0136-4B1B-A3E9-84BA6F2C4014} = {C64C6E92-8DE1-492E-B59C-9B9ACB3E77A9}
		{C89CF855-DF50-4A94-8128-8B7CC25A3035} = {C64C6E92-8DE1-492E-B59C-9B9ACB3E77A9}
		{59A7A2C5-F5CB-49DD-8C61-6D6FA57AA131} = {C64C6E92-8DE1-492E-B59C-9B9ACB3E77A9}
	EndGlobalSection
	GlobalSection(ExtensibilityGlobals) = postSolution
		SolutionGuid = {C625C356-C0E2-4683-BCA9-8965D43213F5}
	EndGlobalSection
EndGlobal
