
Microsoft Visual Studio Solution File, Format Version 12.00
# Visual Studio Version 16
VisualStudioVersion = 16.0.34031.81
MinimumVisualStudioVersion = 10.0.40219.1
Project("{2150E333-8FDC-42A3-9474-1A3956D46DE8}") = "Task4", "Task4", "{926E4A08-3E22-4513-8AA0-D9EEEDB55229}"
EndProject
Project("{FAE04EC0-301F-11D3-BF4B-00C04F79EFBC}") = "Tyuiu.YagodinVA.Sprint5.Task4.V28", "Tyuiu.YagodinVA.Sprint5.Task4.V28\Tyuiu.YagodinVA.Sprint5.Task4.V28.csproj", "{06646278-6C5F-4298-B8EE-42FCFA594901}"
EndProject
Project("{FAE04EC0-301F-11D3-BF4B-00C04F79EFBC}") = "Tyuiu.YagodinVA.Sprint5.Task4.V28.Lib", "Tyuiu.YagodinVA.Sprint5.Task4.V28.Lib\Tyuiu.YagodinVA.Sprint5.Task4.V28.Lib.csproj", "{6C4DB1C9-70D8-4332-B657-D4D1FA172098}"
EndProject
Project("{FAE04EC0-301F-11D3-BF4B-00C04F79EFBC}") = "Tyuiu.YagodinVA.Sprint5.Task4.V28.Test", "Tyuiu.YagodinVA.Sprint5.Task4.V28.Test\Tyuiu.YagodinVA.Sprint5.Task4.V28.Test.csproj", "{DAF8FE36-2498-40B4-B351-8F5B76F8398F}"
EndProject
Project("{2150E333-8FDC-42A3-9474-1A3956D46DE8}") = "Task5", "Task5", "{E6071A9A-3E6F-49E3-97E5-BD38EFEAE4BB}"
EndProject
Project("{FAE04EC0-301F-11D3-BF4B-00C04F79EFBC}") = "Tyuiu.YagodinVA.Sprint5.Task5.V10", "Tyuiu.YagodinVA.Sprint5.Task5.V10\Tyuiu.YagodinVA.Sprint5.Task5.V10.csproj", "{9EA509DE-D45B-4207-A41E-A5AE1EC24873}"
EndProject
Project("{FAE04EC0-301F-11D3-BF4B-00C04F79EFBC}") = "Tyuiu.YagodinVA.Sprint5.Task5.V10.Lib", "Tyuiu.YagodinVA.Sprint5.Task5.V10.Lib\Tyuiu.YagodinVA.Sprint5.Task5.V10.Lib.csproj", "{5521F2C7-132A-43E1-BF22-D7B8C9041EF6}"
EndProject
Project("{FAE04EC0-301F-11D3-BF4B-00C04F79EFBC}") = "Tyuiu.YagodinVA.Sprint5.Task5.V10.Test", "Tyuiu.YagodinVA.Sprint5.Task5.V10.Test\Tyuiu.YagodinVA.Sprint5.Task5.V10.Test.csproj", "{8CAB3A4C-2286-4EEC-B138-6FBE8D35B915}"
EndProject
Project("{2150E333-8FDC-42A3-9474-1A3956D46DE8}") = "Task6", "Task6", "{0109E15B-9B89-45D3-B07F-F306DD971C22}"
EndProject
Project("{FAE04EC0-301F-11D3-BF4B-00C04F79EFBC}") = "Tyuiu.YagodinVA.Sprint5.Task6.V11", "Tyuiu.YagodinVA.Sprint5.Task6.V11\Tyuiu.YagodinVA.Sprint5.Task6.V11.csproj", "{A51FC594-5805-4151-82C6-81BA046D8C0F}"
EndProject
Project("{FAE04EC0-301F-11D3-BF4B-00C04F79EFBC}") = "Tyuiu.YagodinVA.Sprint5.Task6.V11.Lib", "Tyuiu.YagodinVA.Sprint5.Task6.V11.Lib\Tyuiu.YagodinVA.Sprint5.Task6.V11.Lib.csproj", "{6BD3B46C-8A16-4271-BAB8-E8E9A8870476}"
EndProject
Project("{FAE04EC0-301F-11D3-BF4B-00C04F79EFBC}") = "Tyuiu.YagodinVA.Sprint5.Task6.V11.Test", "Tyuiu.YagodinVA.Sprint5.Task6.V11.Test\Tyuiu.YagodinVA.Sprint5.Task6.V11.Test.csproj", "{2235D293-35B6-45F3-84A8-2E7F3838D876}"
EndProject
Project("{2150E333-8FDC-42A3-9474-1A3956D46DE8}") = "Task7", "Task7", "{5ECA2123-1F81-42DB-BA90-5C6AA073334B}"
EndProject
Project("{FAE04EC0-301F-11D3-BF4B-00C04F79EFBC}") = "Tyuiu.YagodinVA.Sprint5.Task7.V8", "Tyuiu.YagodinVA.Sprint5.Task7.V8\Tyuiu.YagodinVA.Sprint5.Task7.V8.csproj", "{5EA881E8-C9F5-4235-BB1A-1F1C5E159D32}"
EndProject
Project("{FAE04EC0-301F-11D3-BF4B-00C04F79EFBC}") = "Tyuiu.YagodinVA.Sprint5.Task7.V8.Lib", "Tyuiu.YagodinVA.Sprint5.Task7.V8.Lib\Tyuiu.YagodinVA.Sprint5.Task7.V8.Lib.csproj", "{54B3A967-7D71-4B23-80FE-DF791CDB7183}"
EndProject
Project("{FAE04EC0-301F-11D3-BF4B-00C04F79EFBC}") = "Tyuiu.YagodinVA.Sprint5.Task7.V8.Test", "Tyuiu.YagodinVA.Sprint5.Task7.V8.Test\Tyuiu.YagodinVA.Sprint5.Task7.V8.Test.csproj", "{CFAC3112-1AD3-42A8-B578-5F6954ECE796}"
EndProject
Global
	GlobalSection(SolutionConfigurationPlatforms) = preSolution
		Debug|Any CPU = Debug|Any CPU
		Release|Any CPU = Release|Any CPU
	EndGlobalSection
	GlobalSection(ProjectConfigurationPlatforms) = postSolution
		{06646278-6C5F-4298-B8EE-42FCFA594901}.Debug|Any CPU.ActiveCfg = Debug|Any CPU
		{06646278-6C5F-4298-B8EE-42FCFA594901}.Debug|Any CPU.Build.0 = Debug|Any CPU
		{06646278-6C5F-4298-B8EE-42FCFA594901}.Release|Any CPU.ActiveCfg = Release|Any CPU
		{06646278-6C5F-4298-B8EE-42FCFA594901}.Release|Any CPU.Build.0 = Release|Any CPU
		{6C4DB1C9-70D8-4332-B657-D4D1FA172098}.Debug|Any CPU.ActiveCfg = Debug|Any CPU
		{6C4DB1C9-70D8-4332-B657-D4D1FA172098}.Debug|Any CPU.Build.0 = Debug|Any CPU
		{6C4DB1C9-70D8-4332-B657-D4D1FA172098}.Release|Any CPU.ActiveCfg = Release|Any CPU
		{6C4DB1C9-70D8-4332-B657-D4D1FA172098}.Release|Any CPU.Build.0 = Release|Any CPU
		{DAF8FE36-2498-40B4-B351-8F5B76F8398F}.Debug|Any CPU.ActiveCfg = Debug|Any CPU
		{DAF8FE36-2498-40B4-B351-8F5B76F8398F}.Debug|Any CPU.Build.0 = Debug|Any CPU
		{DAF8FE36-2498-40B4-B351-8F5B76F8398F}.Release|Any CPU.ActiveCfg = Release|Any CPU
		{DAF8FE36-2498-40B4-B351-8F5B76F8398F}.Release|Any CPU.Build.0 = Release|Any CPU
		{9EA509DE-D45B-4207-A41E-A5AE1EC24873}.Debug|Any CPU.ActiveCfg = Debug|Any CPU
		{9EA509DE-D45B-4207-A41E-A5AE1EC24873}.Debug|Any CPU.Build.0 = Debug|Any CPU
		{9EA509DE-D45B-4207-A41E-A5AE1EC24873}.Release|Any CPU.ActiveCfg = Release|Any CPU
		{9EA509DE-D45B-4207-A41E-A5AE1EC24873}.Release|Any CPU.Build.0 = Release|Any CPU
		{5521F2C7-132A-43E1-BF22-D7B8C9041EF6}.Debug|Any CPU.ActiveCfg = Debug|Any CPU
		{5521F2C7-132A-43E1-BF22-D7B8C9041EF6}.Debug|Any CPU.Build.0 = Debug|Any CPU
		{5521F2C7-132A-43E1-BF22-D7B8C9041EF6}.Release|Any CPU.ActiveCfg = Release|Any CPU
		{5521F2C7-132A-43E1-BF22-D7B8C9041EF6}.Release|Any CPU.Build.0 = Release|Any CPU
		{8CAB3A4C-2286-4EEC-B138-6FBE8D35B915}.Debug|Any CPU.ActiveCfg = Debug|Any CPU
		{8CAB3A4C-2286-4EEC-B138-6FBE8D35B915}.Debug|Any CPU.Build.0 = Debug|Any CPU
		{8CAB3A4C-2286-4EEC-B138-6FBE8D35B915}.Release|Any CPU.ActiveCfg = Release|Any CPU
		{8CAB3A4C-2286-4EEC-B138-6FBE8D35B915}.Release|Any CPU.Build.0 = Release|Any CPU
		{A51FC594-5805-4151-82C6-81BA046D8C0F}.Debug|Any CPU.ActiveCfg = Debug|Any CPU
		{A51FC594-5805-4151-82C6-81BA046D8C0F}.Debug|Any CPU.Build.0 = Debug|Any CPU
		{A51FC594-5805-4151-82C6-81BA046D8C0F}.Release|Any CPU.ActiveCfg = Release|Any CPU
		{A51FC594-5805-4151-82C6-81BA046D8C0F}.Release|Any CPU.Build.0 = Release|Any CPU
		{6BD3B46C-8A16-4271-BAB8-E8E9A8870476}.Debug|Any CPU.ActiveCfg = Debug|Any CPU
		{6BD3B46C-8A16-4271-BAB8-E8E9A8870476}.Debug|Any CPU.Build.0 = Debug|Any CPU
		{6BD3B46C-8A16-4271-BAB8-E8E9A8870476}.Release|Any CPU.ActiveCfg = Release|Any CPU
		{6BD3B46C-8A16-4271-BAB8-E8E9A8870476}.Release|Any CPU.Build.0 = Release|Any CPU
		{2235D293-35B6-45F3-84A8-2E7F3838D876}.Debug|Any CPU.ActiveCfg = Debug|Any CPU
		{2235D293-35B6-45F3-84A8-2E7F3838D876}.Debug|Any CPU.Build.0 = Debug|Any CPU
		{2235D293-35B6-45F3-84A8-2E7F3838D876}.Release|Any CPU.ActiveCfg = Release|Any CPU
		{2235D293-35B6-45F3-84A8-2E7F3838D876}.Release|Any CPU.Build.0 = Release|Any CPU
		{5EA881E8-C9F5-4235-BB1A-1F1C5E159D32}.Debug|Any CPU.ActiveCfg = Debug|Any CPU
		{5EA881E8-C9F5-4235-BB1A-1F1C5E159D32}.Debug|Any CPU.Build.0 = Debug|Any CPU
		{5EA881E8-C9F5-4235-BB1A-1F1C5E159D32}.Release|Any CPU.ActiveCfg = Release|Any CPU
		{5EA881E8-C9F5-4235-BB1A-1F1C5E159D32}.Release|Any CPU.Build.0 = Release|Any CPU
		{54B3A967-7D71-4B23-80FE-DF791CDB7183}.Debug|Any CPU.ActiveCfg = Debug|Any CPU
		{54B3A967-7D71-4B23-80FE-DF791CDB7183}.Debug|Any CPU.Build.0 = Debug|Any CPU
		{54B3A967-7D71-4B23-80FE-DF791CDB7183}.Release|Any CPU.ActiveCfg = Release|Any CPU
		{54B3A967-7D71-4B23-80FE-DF791CDB7183}.Release|Any CPU.Build.0 = Release|Any CPU
		{CFAC3112-1AD3-42A8-B578-5F6954ECE796}.Debug|Any CPU.ActiveCfg = Debug|Any CPU
		{CFAC3112-1AD3-42A8-B578-5F6954ECE796}.Debug|Any CPU.Build.0 = Debug|Any CPU
		{CFAC3112-1AD3-42A8-B578-5F6954ECE796}.Release|Any CPU.ActiveCfg = Release|Any CPU
		{CFAC3112-1AD3-42A8-B578-5F6954ECE796}.Release|Any CPU.Build.0 = Release|Any CPU
	EndGlobalSection
	GlobalSection(SolutionProperties) = preSolution
		HideSolutionNode = FALSE
	EndGlobalSection
	GlobalSection(NestedProjects) = preSolution
		{06646278-6C5F-4298-B8EE-42FCFA594901} = {926E4A08-3E22-4513-8AA0-D9EEEDB55229}
		{6C4DB1C9-70D8-4332-B657-D4D1FA172098} = {926E4A08-3E22-4513-8AA0-D9EEEDB55229}
		{DAF8FE36-2498-40B4-B351-8F5B76F8398F} = {926E4A08-3E22-4513-8AA0-D9EEEDB55229}
		{9EA509DE-D45B-4207-A41E-A5AE1EC24873} = {E6071A9A-3E6F-49E3-97E5-BD38EFEAE4BB}
		{5521F2C7-132A-43E1-BF22-D7B8C9041EF6} = {E6071A9A-3E6F-49E3-97E5-BD38EFEAE4BB}
		{8CAB3A4C-2286-4EEC-B138-6FBE8D35B915} = {E6071A9A-3E6F-49E3-97E5-BD38EFEAE4BB}
		{A51FC594-5805-4151-82C6-81BA046D8C0F} = {0109E15B-9B89-45D3-B07F-F306DD971C22}
		{6BD3B46C-8A16-4271-BAB8-E8E9A8870476} = {0109E15B-9B89-45D3-B07F-F306DD971C22}
		{2235D293-35B6-45F3-84A8-2E7F3838D876} = {0109E15B-9B89-45D3-B07F-F306DD971C22}
		{5EA881E8-C9F5-4235-BB1A-1F1C5E159D32} = {5ECA2123-1F81-42DB-BA90-5C6AA073334B}
		{54B3A967-7D71-4B23-80FE-DF791CDB7183} = {5ECA2123-1F81-42DB-BA90-5C6AA073334B}
		{CFAC3112-1AD3-42A8-B578-5F6954ECE796} = {5ECA2123-1F81-42DB-BA90-5C6AA073334B}
	EndGlobalSection
	GlobalSection(ExtensibilityGlobals) = postSolution
		SolutionGuid = {3280BC6B-9508-4BAA-9427-ABA9D69B9C1F}
	EndGlobalSection
EndGlobal
